<?xml version="1.0" encoding="utf-8"?>
<Project ToolsVersion="4.0" xmlns="http://schemas.microsoft.com/developer/msbuild/2003">
  <ItemGroup>
    <Filter Include="Source Files">
      <UniqueIdentifier>{4FC737F1-C7A5-4376-A066-2A32D752A2FF}</UniqueIdentifier>
      <Extensions>cpp;c;cc;cxx;def;odl;idl;hpj;bat;asm;asmx</Extensions>
    </Filter>
    <Filter Include="Source Files\Utility">
      <UniqueIdentifier>{48292af9-63a5-40ae-a447-ad7cecfddd8a}</UniqueIdentifier>
    </Filter>
    <Filter Include="Source Files\Database">
      <UniqueIdentifier>{4b84c339-4e83-489c-b421-2cf9fd9e72d1}</UniqueIdentifier>
    </Filter>
    <Filter Include="Source Files\Database\SQLite">
      <UniqueIdentifier>{3ac37a01-a835-479c-b0b0-ecfd04640134}</UniqueIdentifier>
    </Filter>
    <Filter Include="Blitz Files">
      <UniqueIdentifier>{e8e48b8c-14c2-40b5-b48d-d9b55fe6852d}</UniqueIdentifier>
    </Filter>
    <Filter Include="Source Files\Container">
      <UniqueIdentifier>{ff6bcb4d-9140-40a9-80dd-3698b63bd1c1}</UniqueIdentifier>
    </Filter>
    <Filter Include="Source Files\Type">
      <UniqueIdentifier>{605f2cca-0949-4af8-ab67-7042309a2abc}</UniqueIdentifier>
    </Filter>
  </ItemGroup>
  <ItemGroup>
    <ClCompile Include="dllmain.cpp">
      <Filter>Source Files</Filter>
    </ClCompile>
    <ClCompile Include="Database\SQLite\SQLite.cpp">
      <Filter>Source Files\Database\SQLite</Filter>
    </ClCompile>
    <ClCompile Include="Utility\WindowMessageHandler.cpp">
      <Filter>Source Files\Utility</Filter>
    </ClCompile>
    <ClCompile Include="Database\SQLite\sqlite3.c">
      <Filter>Source Files\Database\SQLite</Filter>
    </ClCompile>
    <ClCompile Include="Utility\IndexerV1.cpp">
      <Filter>Source Files\Utility</Filter>
    </ClCompile>
    <ClCompile Include="Utility\IndexerV2.cpp">
      <Filter>Source Files\Utility</Filter>
    </ClCompile>
    <ClCompile Include="Type\Double.cpp">
      <Filter>Source Files\Type</Filter>
    </ClCompile>
    <ClCompile Include="Type\LongLong.cpp">
      <Filter>Source Files\Type</Filter>
    </ClCompile>
    <ClCompile Include="Utility\MassOp.cpp">
      <Filter>Source Files\Utility</Filter>
    </ClCompile>
    <ClCompile Include="Container\List.cpp">
      <Filter>Source Files\Container</Filter>
    </ClCompile>
    <ClCompile Include="Container\TypeList.cpp">
      <Filter>Source Files\Container</Filter>
    </ClCompile>
    <ClCompile Include="Utility\DisplayEnumerator.cpp">
      <Filter>Source Files\Utility</Filter>
    </ClCompile>
  </ItemGroup>
  <ItemGroup>
    <ClInclude Include="dllmain.h">
      <Filter>Source Files</Filter>
    </ClInclude>
    <ClInclude Include="Database\SQLite\SQLite.h">
      <Filter>Source Files\Database\SQLite</Filter>
    </ClInclude>
    <ClInclude Include="Database\SQLite\sqlite3.h">
      <Filter>Source Files\Database\SQLite</Filter>
    </ClInclude>
    <ClInclude Include="Utility\WindowMessageHandler.h">
      <Filter>Source Files\Utility</Filter>
    </ClInclude>
    <ClInclude Include="Utility\IndexerV1.h">
      <Filter>Source Files\Utility</Filter>
    </ClInclude>
    <ClInclude Include="Utility\IndexerV2.h">
      <Filter>Source Files\Utility</Filter>
    </ClInclude>
    <ClInclude Include="Type\Double.h">
      <Filter>Source Files\Type</Filter>
    </ClInclude>
    <ClInclude Include="Type\LongLong.h">
      <Filter>Source Files\Type</Filter>
    </ClInclude>
    <ClInclude Include="Utility\MassOp.h">
      <Filter>Source Files\Utility</Filter>
    </ClInclude>
    <ClInclude Include="Container\List.h">
      <Filter>Source Files\Container</Filter>
    </ClInclude>
    <ClInclude Include="Container\TypeList.h">
      <Filter>Source Files\Container</Filter>
    </ClInclude>
    <ClInclude Include="Utility\DisplayEnumerator.h">
      <Filter>Source Files\Utility</Filter>
    </ClInclude>
  </ItemGroup>
  <ItemGroup>
    <None Include="BlitzUtility.bb">
      <Filter>Blitz Files</Filter>
    </None>
    <None Include="BlitzUtility.decls">
      <Filter>Blitz Files</Filter>
    </None>
    <None Include="LICENSE" />
    <None Include="LICENSE.lesser" />
  </ItemGroup>
</Project>